
Microsoft Visual Studio Solution File, Format Version 12.00
# Visual Studio Version 16
VisualStudioVersion = 16.0.29509.3
MinimumVisualStudioVersion = 10.0.40219.1
Project("{9A19103F-16F7-4668-BE54-9A1E7A4F7556}") = "DevIO.Business", "src\DevIO.Business\DevIO.Business.csproj", "{FAD393FA-A4E4-4BF5-A37A-FF1D46CB1EDE}"
EndProject
Project("{9A19103F-16F7-4668-BE54-9A1E7A4F7556}") = "DevIO.Data", "src\DevIO.Data\DevIO.Data.csproj", "{F965C289-021F-41B7-AE65-22701256B444}"
EndProject
Project("{FAE04EC0-301F-11D3-BF4B-00C04F79EFBC}") = "DevIO.Api", "src\DevIO.Api\DevIO.Api.csproj", "{544228DF-EF2B-485E-9690-6E0B2610115F}"
EndProject
Global
	GlobalSection(SolutionConfigurationPlatforms) = preSolution
		Debug|Any CPU = Debug|Any CPU
		Release|Any CPU = Release|Any CPU
	EndGlobalSection
	GlobalSection(ProjectConfigurationPlatforms) = postSolution
		{FAD393FA-A4E4-4BF5-A37A-FF1D46CB1EDE}.Debug|Any CPU.ActiveCfg = Debug|Any CPU
		{FAD393FA-A4E4-4BF5-A37A-FF1D46CB1EDE}.Debug|Any CPU.Build.0 = Debug|Any CPU
		{FAD393FA-A4E4-4BF5-A37A-FF1D46CB1EDE}.Release|Any CPU.ActiveCfg = Release|Any CPU
		{FAD393FA-A4E4-4BF5-A37A-FF1D46CB1EDE}.Release|Any CPU.Build.0 = Release|Any CPU
		{F965C289-021F-41B7-AE65-22701256B444}.Debug|Any CPU.ActiveCfg = Debug|Any CPU
		{F965C289-021F-41B7-AE65-22701256B444}.Debug|Any CPU.Build.0 = Debug|Any CPU
		{F965C289-021F-41B7-AE65-22701256B444}.Release|Any CPU.ActiveCfg = Release|Any CPU
		{F965C289-021F-41B7-AE65-22701256B444}.Release|Any CPU.Build.0 = Release|Any CPU
		{544228DF-EF2B-485E-9690-6E0B2610115F}.Debug|Any CPU.ActiveCfg = Debug|Any CPU
		{544228DF-EF2B-485E-9690-6E0B2610115F}.Debug|Any CPU.Build.0 = Debug|Any CPU
		{544228DF-EF2B-485E-9690-6E0B2610115F}.Release|Any CPU.ActiveCfg = Release|Any CPU
		{544228DF-EF2B-485E-9690-6E0B2610115F}.Release|Any CPU.Build.0 = Release|Any CPU
	EndGlobalSection
	GlobalSection(SolutionProperties) = preSolution
		HideSolutionNode = FALSE
	EndGlobalSection
	GlobalSection(ExtensibilityGlobals) = postSolution
		SolutionGuid = {7F6FBD5C-E8A2-41C7-91C1-8554AAB5BDD5}
	EndGlobalSection
EndGlobal
